
Microsoft Visual Studio Solution File, Format Version 12.00
# Visual Studio 15
VisualStudioVersion = 15.0.28010.2046
MinimumVisualStudioVersion = 10.0.40219.1
Project("{FAE04EC0-301F-11D3-BF4B-00C04F79EFBC}") = "TimetableWebCrawler", "TimetableWebCrawler\TimetableWebCrawler.csproj", "{798918C3-37C4-4F5A-916D-37DF6DE55B74}"
EndProject
Global
	GlobalSection(SolutionConfigurationPlatforms) = preSolution
		Debug|Any CPU = Debug|Any CPU
		Release|Any CPU = Release|Any CPU
	EndGlobalSection
	GlobalSection(ProjectConfigurationPlatforms) = postSolution
		{798918C3-37C4-4F5A-916D-37DF6DE55B74}.Debug|Any CPU.ActiveCfg = Debug|Any CPU
		{798918C3-37C4-4F5A-916D-37DF6DE55B74}.Debug|Any CPU.Build.0 = Debug|Any CPU
		{798918C3-37C4-4F5A-916D-37DF6DE55B74}.Release|Any CPU.ActiveCfg = Release|Any CPU
		{798918C3-37C4-4F5A-916D-37DF6DE55B74}.Release|Any CPU.Build.0 = Release|Any CPU
	EndGlobalSection
	GlobalSection(SolutionProperties) = preSolution
		HideSolutionNode = FALSE
	EndGlobalSection
	GlobalSection(ExtensibilityGlobals) = postSolution
		SolutionGuid = {D7A4A10D-18B6-4FA5-B136-7E8B32EB47AC}
	EndGlobalSection
EndGlobal
